// !$*UTF8*$!
{
	archiveVersion = 1;
	classes = {
	};
	objectVersion = 77;
	objects = {

/* Begin PBXBuildFile section */
		3F40F8AE2FD038C5009BDA18 /* RazorpayCore.xcframework in Frameworks */ = {isa = PBXBuildFile; fileRef = 3F40F85B2FD038C5009BDA18 /* RazorpayCore.xcframework */; };
		3F40F8B12FD038C5009BDA18 /* Razorpay.xcframework in Frameworks */ = {isa = PBXBuildFile; fileRef = 3F40F85A2FD038C5009BDA18 /* Razorpay.xcframework */; };
		3F40F8B22FD038C5009BDA18 /* RazorpayStandard.xcframework in Frameworks */ = {isa = PBXBuildFile; fileRef = 3F40F85E2FD038C5009BDA18 /* RazorpayStandard.xcframework */; };
		3F40F8B72FD038C5009BDA18 /* RazorpayCheckout.swift in Sources */ = {isa = PBXBuildFile; fileRef = 3F40F88C2FD038C5009BDA18 /* RazorpayCheckout.swift */; };
		ADADD4A22FC025D10072F8EF /* Supabase in Frameworks */ = {isa = PBXBuildFile; productRef = ADADD4A12FC025D10072F8EF /* Supabase */; };
/* End PBXBuildFile section */

/* Begin PBXFileReference section */
		187149762FB5885F00D6F966 /* LoanManagementSystem.app */ = {isa = PBXFileReference; explicitFileType = wrapper.application; includeInIndex = 0; path = LoanManagementSystem.app; sourceTree = BUILT_PRODUCTS_DIR; };
		3F40F8462FD038C5009BDA18 /* bug_report.md */ = {isa = PBXFileReference; lastKnownFileType = net.daringfireball.markdown; path = bug_report.md; sourceTree = "<group>"; };
		3F40F8472FD038C5009BDA18 /* config.yml */ = {isa = PBXFileReference; lastKnownFileType = text.yaml; path = config.yml; sourceTree = "<group>"; };
		3F40F8482FD038C5009BDA18 /* feature_Request.md */ = {isa = PBXFileReference; lastKnownFileType = net.daringfireball.markdown; path = feature_Request.md; sourceTree = "<group>"; };
		3F40F84A2FD038C5009BDA18 /* read-podspec-version.sh */ = {isa = PBXFileReference; lastKnownFileType = text.script.sh; path = "read-podspec-version.sh"; sourceTree = "<group>"; };
		3F40F84B2FD038C5009BDA18 /* update_podspec_version.sh */ = {isa = PBXFileReference; lastKnownFileType = text.script.sh; path = update_podspec_version.sh; sourceTree = "<group>"; };
		3F40F84D2FD038C5009BDA18 /* deploy-standard-checkout.yml */ = {isa = PBXFileReference; lastKnownFileType = text.yaml; path = "deploy-standard-checkout.yml"; sourceTree = "<group>"; };
		3F40F84E2FD038C5009BDA18 /* release-slack-notification.yml */ = {isa = PBXFileReference; lastKnownFileType = text.yaml; path = "release-slack-notification.yml"; sourceTree = "<group>"; };
		3F40F84F2FD038C5009BDA18 /* release-to-cocoapods.yml */ = {isa = PBXFileReference; lastKnownFileType = text.yaml; path = "release-to-cocoapods.yml"; sourceTree = "<group>"; };
		3F40F8512FD038C5009BDA18 /* dependabot.yml */ = {isa = PBXFileReference; lastKnownFileType = text.yaml; path = dependabot.yml; sourceTree = "<group>"; };
		3F40F8522FD038C5009BDA18 /* pull_request_template.md */ = {isa = PBXFileReference; lastKnownFileType = net.daringfireball.markdown; path = pull_request_template.md; sourceTree = "<group>"; };
		3F40F8562FD038C5009BDA18 /* .gitkeep */ = {isa = PBXFileReference; lastKnownFileType = text; path = .gitkeep; sourceTree = "<group>"; };
		3F40F8582FD038C5009BDA18 /* .gitkeep */ = {isa = PBXFileReference; lastKnownFileType = text; path = .gitkeep; sourceTree = "<group>"; };
		3F40F85A2FD038C5009BDA18 /* Razorpay.xcframework */ = {isa = PBXFileReference; lastKnownFileType = wrapper.xcframework; path = Razorpay.xcframework; sourceTree = "<group>"; };
		3F40F85B2FD038C5009BDA18 /* RazorpayCore.xcframework */ = {isa = PBXFileReference; lastKnownFileType = wrapper.xcframework; path = RazorpayCore.xcframework; sourceTree = "<group>"; };
		3F40F85D2FD038C5009BDA18 /* Package.swift */ = {isa = PBXFileReference; lastKnownFileType = sourcecode.swift; path = Package.swift; sourceTree = "<group>"; };
		3F40F85E2FD038C5009BDA18 /* RazorpayStandard.xcframework */ = {isa = PBXFileReference; expectedSignature = "AppleDeveloperProgram:3J5MJT3GNL:Razorpay Software Private Limited"; lastKnownFileType = wrapper.xcframework; path = RazorpayStandard.xcframework; sourceTree = "<group>"; };
		3F40F85F2FD038C5009BDA18 /* SelectDefaultXcode.sh */ = {isa = PBXFileReference; lastKnownFileType = text.script.sh; path = SelectDefaultXcode.sh; sourceTree = "<group>"; };
		3F40F8612FD038C5009BDA18 /* razorpay-core-pod.podspec.json */ = {isa = PBXFileReference; lastKnownFileType = text.json; path = "razorpay-core-pod.podspec.json"; sourceTree = "<group>"; };
		3F40F8622FD038C5009BDA18 /* razorpay-pod.podspec.json */ = {isa = PBXFileReference; lastKnownFileType = text.json; path = "razorpay-pod.podspec.json"; sourceTree = "<group>"; };
		3F40F8642FD038C5009BDA18 /* Razorpay.xcframework */ = {isa = PBXFileReference; expectedSignature = "AppleDeveloperProgram:3J5MJT3GNL:Razorpay Software Private Limited"; lastKnownFileType = wrapper.xcframework; path = Razorpay.xcframework; sourceTree = "<group>"; };
		3F40F8652FD038C5009BDA18 /* RazorpayCore.xcframework */ = {isa = PBXFileReference; expectedSignature = "AppleDeveloperProgram:3J5MJT3GNL:Razorpay Software Private Limited"; lastKnownFileType = wrapper.xcframework; path = RazorpayCore.xcframework; sourceTree = "<group>"; };
		3F40F8682FD038C5009BDA18 /* LICENSE */ = {isa = PBXFileReference; lastKnownFileType = text; path = LICENSE; sourceTree = "<group>"; };
		3F40F8692FD038C5009BDA18 /* README.md */ = {isa = PBXFileReference; lastKnownFileType = net.daringfireball.markdown; path = README.md; sourceTree = "<group>"; };
		3F40F86B2FD038C5009BDA18 /* Pods-Example.modulemap */ = {isa = PBXFileReference; lastKnownFileType = "sourcecode.module-map"; path = "Pods-Example.modulemap"; sourceTree = "<group>"; };
		3F40F86C2FD038C5009BDA18 /* Pods-Example-acknowledgements.markdown */ = {isa = PBXFileReference; lastKnownFileType = net.daringfireball.markdown; path = "Pods-Example-acknowledgements.markdown"; sourceTree = "<group>"; };
		3F40F86D2FD038C5009BDA18 /* Pods-Example-acknowledgements.plist */ = {isa = PBXFileReference; lastKnownFileType = text.plist.xml; path = "Pods-Example-acknowledgements.plist"; sourceTree = "<group>"; };
		3F40F86E2FD038C5009BDA18 /* Pods-Example-dummy.m */ = {isa = PBXFileReference; lastKnownFileType = sourcecode.c.objc; path = "Pods-Example-dummy.m"; sourceTree = "<group>"; };
		3F40F86F2FD038C5009BDA18 /* Pods-Example-frameworks.sh */ = {isa = PBXFileReference; lastKnownFileType = text.script.sh; path = "Pods-Example-frameworks.sh"; sourceTree = "<group>"; };
		3F40F8702FD038C5009BDA18 /* Pods-Example-frameworks-Debug-input-files.xcfilelist */ = {isa = PBXFileReference; lastKnownFileType = text.xcfilelist; path = "Pods-Example-frameworks-Debug-input-files.xcfilelist"; sourceTree = "<group>"; };
		3F40F8712FD038C5009BDA18 /* Pods-Example-frameworks-Debug-output-files.xcfilelist */ = {isa = PBXFileReference; lastKnownFileType = text.xcfilelist; path = "Pods-Example-frameworks-Debug-output-files.xcfilelist"; sourceTree = "<group>"; };
		3F40F8722FD038C5009BDA18 /* Pods-Example-frameworks-Release-input-files.xcfilelist */ = {isa = PBXFileReference; lastKnownFileType = text.xcfilelist; path = "Pods-Example-frameworks-Release-input-files.xcfilelist"; sourceTree = "<group>"; };
		3F40F8732FD038C5009BDA18 /* Pods-Example-frameworks-Release-output-files.xcfilelist */ = {isa = PBXFileReference; lastKnownFileType = text.xcfilelist; path = "Pods-Example-frameworks-Release-output-files.xcfilelist"; sourceTree = "<group>"; };
		3F40F8742FD038C5009BDA18 /* Pods-Example-Info.plist */ = {isa = PBXFileReference; lastKnownFileType = text.plist.xml; path = "Pods-Example-Info.plist"; sourceTree = "<group>"; };
		3F40F8752FD038C5009BDA18 /* Pods-Example-umbrella.h */ = {isa = PBXFileReference; lastKnownFileType = sourcecode.c.h; path = "Pods-Example-umbrella.h"; sourceTree = "<group>"; };
		3F40F8762FD038C5009BDA18 /* Pods-Example.debug.xcconfig */ = {isa = PBXFileReference; lastKnownFileType = text.xcconfig; path = "Pods-Example.debug.xcconfig"; sourceTree = "<group>"; };
		3F40F8772FD038C5009BDA18 /* Pods-Example.release.xcconfig */ = {isa = PBXFileReference; lastKnownFileType = text.xcconfig; path = "Pods-Example.release.xcconfig"; sourceTree = "<group>"; };
		3F40F8792FD038C5009BDA18 /* razorpay-core-pod-xcframeworks.sh */ = {isa = PBXFileReference; lastKnownFileType = text.script.sh; path = "razorpay-core-pod-xcframeworks.sh"; sourceTree = "<group>"; };
		3F40F87A2FD038C5009BDA18 /* razorpay-core-pod-xcframeworks-input-files.xcfilelist */ = {isa = PBXFileReference; lastKnownFileType = text.xcfilelist; path = "razorpay-core-pod-xcframeworks-input-files.xcfilelist"; sourceTree = "<group>"; };
		3F40F87B2FD038C5009BDA18 /* razorpay-core-pod-xcframeworks-output-files.xcfilelist */ = {isa = PBXFileReference; lastKnownFileType = text.xcfilelist; path = "razorpay-core-pod-xcframeworks-output-files.xcfilelist"; sourceTree = "<group>"; };
		3F40F87C2FD038C5009BDA18 /* razorpay-core-pod.debug.xcconfig */ = {isa = PBXFileReference; lastKnownFileType = text.xcconfig; path = "razorpay-core-pod.debug.xcconfig"; sourceTree = "<group>"; };
		3F40F87D2FD038C5009BDA18 /* razorpay-core-pod.release.xcconfig */ = {isa = PBXFileReference; lastKnownFileType = text.xcconfig; path = "razorpay-core-pod.release.xcconfig"; sourceTree = "<group>"; };
		3F40F87F2FD038C5009BDA18 /* razorpay-pod-xcframeworks.sh */ = {isa = PBXFileReference; lastKnownFileType = text.script.sh; path = "razorpay-pod-xcframeworks.sh"; sourceTree = "<group>"; };
		3F40F8802FD038C5009BDA18 /* razorpay-pod-xcframeworks-input-files.xcfilelist */ = {isa = PBXFileReference; lastKnownFileType = text.xcfilelist; path = "razorpay-pod-xcframeworks-input-files.xcfilelist"; sourceTree = "<group>"; };
		3F40F8812FD038C5009BDA18 /* razorpay-pod-xcframeworks-output-files.xcfilelist */ = {isa = PBXFileReference; lastKnownFileType = text.xcfilelist; path = "razorpay-pod-xcframeworks-output-files.xcfilelist"; sourceTree = "<group>"; };
		3F40F8822FD038C5009BDA18 /* razorpay-pod.debug.xcconfig */ = {isa = PBXFileReference; lastKnownFileType = text.xcconfig; path = "razorpay-pod.debug.xcconfig"; sourceTree = "<group>"; };
		3F40F8832FD038C5009BDA18 /* razorpay-pod.release.xcconfig */ = {isa = PBXFileReference; lastKnownFileType = text.xcconfig; path = "razorpay-pod.release.xcconfig"; sourceTree = "<group>"; };
		3F40F8862FD038C5009BDA18 /* Manifest.lock */ = {isa = PBXFileReference; lastKnownFileType = text; path = Manifest.lock; sourceTree = "<group>"; };
		3F40F8892FD038C5009BDA18 /* package.xcworkspace */ = {isa = PBXFileReference; lastKnownFileType = wrapper.workspace; path = package.xcworkspace; sourceTree = "<group>"; };
		3F40F88C2FD038C5009BDA18 /* RazorpayCheckout.swift */ = {isa = PBXFileReference; lastKnownFileType = sourcecode.swift; path = RazorpayCheckout.swift; sourceTree = "<group>"; };
		3F40F88F2FD038C5009BDA18 /* RazorpayCheckoutTests.swift */ = {isa = PBXFileReference; lastKnownFileType = sourcecode.swift; path = RazorpayCheckoutTests.swift; sourceTree = "<group>"; };
		3F40F8922FD038C5009BDA18 /* .gitignore */ = {isa = PBXFileReference; lastKnownFileType = text; path = .gitignore; sourceTree = "<group>"; };
		3F40F8942FD038C5009BDA18 /* .cursorignore */ = {isa = PBXFileReference; lastKnownFileType = text; path = .cursorignore; sourceTree = "<group>"; };
		3F40F8952FD038C5009BDA18 /* .gitignore */ = {isa = PBXFileReference; lastKnownFileType = text; path = .gitignore; sourceTree = "<group>"; };
		3F40F8962FD038C5009BDA18 /* .semgrepignore */ = {isa = PBXFileReference; lastKnownFileType = text; path = .semgrepignore; sourceTree = "<group>"; };
		3F40F8972FD038C5009BDA18 /* .travis.yml */ = {isa = PBXFileReference; lastKnownFileType = text.yaml; path = .travis.yml; sourceTree = "<group>"; };
		3F40F8982FD038C5009BDA18 /* CHANGELOG.md */ = {isa = PBXFileReference; lastKnownFileType = net.daringfireball.markdown; path = CHANGELOG.md; sourceTree = "<group>"; };
		3F40F8992FD038C5009BDA18 /* CODE_OF_CONDUCT.md */ = {isa = PBXFileReference; lastKnownFileType = net.daringfireball.markdown; path = CODE_OF_CONDUCT.md; sourceTree = "<group>"; };
		3F40F89A2FD038C5009BDA18 /* CONTRIBUTING.md */ = {isa = PBXFileReference; lastKnownFileType = net.daringfireball.markdown; path = CONTRIBUTING.md; sourceTree = "<group>"; };
		3F40F89F2FD038C5009BDA18 /* ISSUE_TEMPLATE.md */ = {isa = PBXFileReference; lastKnownFileType = net.daringfireball.markdown; path = ISSUE_TEMPLATE.md; sourceTree = "<group>"; };
		3F40F8A02FD038C5009BDA18 /* LICENSE */ = {isa = PBXFileReference; lastKnownFileType = text; path = LICENSE; sourceTree = "<group>"; };
		3F40F8A12FD038C5009BDA18 /* Package.swift */ = {isa = PBXFileReference; lastKnownFileType = sourcecode.swift; path = Package.swift; sourceTree = "<group>"; };
		3F40F8A22FD038C5009BDA18 /* Podfile */ = {isa = PBXFileReference; lastKnownFileType = text; path = Podfile; sourceTree = "<group>"; };
		3F40F8A32FD038C5009BDA18 /* Podfile.lock */ = {isa = PBXFileReference; lastKnownFileType = text; path = Podfile.lock; sourceTree = "<group>"; };
		3F40F8A42FD038C5009BDA18 /* razorpay-pod.podspec */ = {isa = PBXFileReference; lastKnownFileType = text; path = "razorpay-pod.podspec"; sourceTree = "<group>"; };
		3F40F8A52FD038C5009BDA18 /* RazorpayStandard.framework.dSYM */ = {isa = PBXFileReference; lastKnownFileType = wrapper.dsym; path = RazorpayStandard.framework.dSYM; sourceTree = "<group>"; };
		3F40F8A62FD038C5009BDA18 /* README.md */ = {isa = PBXFileReference; lastKnownFileType = net.daringfireball.markdown; path = README.md; sourceTree = "<group>"; };
		3F40F8A72FD038C5009BDA18 /* README.md.orig */ = {isa = PBXFileReference; lastKnownFileType = text; path = README.md.orig; sourceTree = "<group>"; };
		3F40F8A82FD038C5009BDA18 /* UpdatePod.sh */ = {isa = PBXFileReference; lastKnownFileType = text.script.sh; path = UpdatePod.sh; sourceTree = "<group>"; };
/* End PBXFileReference section */

/* Begin PBXFileSystemSynchronizedBuildFileExceptionSet section */
		48495C182FCE96D1005E9382 /* Exceptions for "LoanManagementSystem" folder in "LoanManagementSystem" target */ = {
			isa = PBXFileSystemSynchronizedBuildFileExceptionSet;
			membershipExceptions = (
				Info.plist,
			);
			target = 187149752FB5885F00D6F966 /* LoanManagementSystem */;
		};
/* End PBXFileSystemSynchronizedBuildFileExceptionSet section */

/* Begin PBXFileSystemSynchronizedRootGroup section */
		187149782FB5885F00D6F966 /* LoanManagementSystem */ = {
			isa = PBXFileSystemSynchronizedRootGroup;
			exceptions = (
				48495C182FCE96D1005E9382 /* Exceptions for "LoanManagementSystem" folder in "LoanManagementSystem" target */,
			);
			path = LoanManagementSystem;
			sourceTree = "<group>";
		};
/* End PBXFileSystemSynchronizedRootGroup section */

/* Begin PBXFrameworksBuildPhase section */
		187149732FB5885F00D6F966 /* Frameworks */ = {
			isa = PBXFrameworksBuildPhase;
			buildActionMask = 2147483647;
			files = (
				3F40F8AE2FD038C5009BDA18 /* RazorpayCore.xcframework in Frameworks */,
				3F40F8B12FD038C5009BDA18 /* Razorpay.xcframework in Frameworks */,
				3F40F8B22FD038C5009BDA18 /* RazorpayStandard.xcframework in Frameworks */,
				ADADD4A22FC025D10072F8EF /* Supabase in Frameworks */,
			);
			runOnlyForDeploymentPostprocessing = 0;
		};
/* End PBXFrameworksBuildPhase section */

/* Begin PBXGroup section */
		1871496D2FB5885F00D6F966 = {
			isa = PBXGroup;
			children = (
				187149782FB5885F00D6F966 /* LoanManagementSystem */,
				187149772FB5885F00D6F966 /* Products */,
				3F40F8A92FD038C5009BDA18 /* razorpay-pod */,
			);
			sourceTree = "<group>";
		};
		187149772FB5885F00D6F966 /* Products */ = {
			isa = PBXGroup;
			children = (
				187149762FB5885F00D6F966 /* LoanManagementSystem.app */,
			);
			name = Products;
			sourceTree = "<group>";
		};
		3F40F8492FD038C5009BDA18 /* ISSUE_TEMPLATE */ = {
			isa = PBXGroup;
			children = (
				3F40F8462FD038C5009BDA18 /* bug_report.md */,
				3F40F8472FD038C5009BDA18 /* config.yml */,
				3F40F8482FD038C5009BDA18 /* feature_Request.md */,
			);
			path = ISSUE_TEMPLATE;
			sourceTree = "<group>";
		};
		3F40F84C2FD038C5009BDA18 /* scripts */ = {
			isa = PBXGroup;
			children = (
				3F40F84A2FD038C5009BDA18 /* read-podspec-version.sh */,
				3F40F84B2FD038C5009BDA18 /* update_podspec_version.sh */,
			);
			path = scripts;
			sourceTree = "<group>";
		};
		3F40F8502FD038C5009BDA18 /* workflows */ = {
			isa = PBXGroup;
			children = (
				3F40F84D2FD038C5009BDA18 /* deploy-standard-checkout.yml */,
				3F40F84E2FD038C5009BDA18 /* release-slack-notification.yml */,
				3F40F84F2FD038C5009BDA18 /* release-to-cocoapods.yml */,
			);
			path = workflows;
			sourceTree = "<group>";
		};
		3F40F8532FD038C5009BDA18 /* .github */ = {
			isa = PBXGroup;
			children = (
				3F40F8492FD038C5009BDA18 /* ISSUE_TEMPLATE */,
				3F40F84C2FD038C5009BDA18 /* scripts */,
				3F40F8502FD038C5009BDA18 /* workflows */,
				3F40F8512FD038C5009BDA18 /* dependabot.yml */,
				3F40F8522FD038C5009BDA18 /* pull_request_template.md */,
			);
			path = .github;
			sourceTree = "<group>";
		};
		3F40F8542FD038C5009BDA18 /* xcode */ = {
			isa = PBXGroup;
			children = (
			);
			path = xcode;
			sourceTree = "<group>";
		};
		3F40F8552FD038C5009BDA18 /* .swiftpm */ = {
			isa = PBXGroup;
			children = (
				3F40F8542FD038C5009BDA18 /* xcode */,
			);
			path = .swiftpm;
			sourceTree = "<group>";
		};
		3F40F8572FD038C5009BDA18 /* Assets */ = {
			isa = PBXGroup;
			children = (
				3F40F8562FD038C5009BDA18 /* .gitkeep */,
			);
			path = Assets;
			sourceTree = "<group>";
		};
		3F40F8592FD038C5009BDA18 /* Classes */ = {
			isa = PBXGroup;
			children = (
				3F40F8582FD038C5009BDA18 /* .gitkeep */,
			);
			path = Classes;
			sourceTree = "<group>";
		};
		3F40F85C2FD038C5009BDA18 /* core */ = {
			isa = PBXGroup;
			children = (
				3F40F85A2FD038C5009BDA18 /* Razorpay.xcframework */,
				3F40F85B2FD038C5009BDA18 /* RazorpayCore.xcframework */,
			);
			path = core;
			sourceTree = "<group>";
		};
		3F40F8602FD038C5009BDA18 /* Pod */ = {
			isa = PBXGroup;
			children = (
				3F40F8572FD038C5009BDA18 /* Assets */,
				3F40F8592FD038C5009BDA18 /* Classes */,
				3F40F85C2FD038C5009BDA18 /* core */,
				3F40F85D2FD038C5009BDA18 /* Package.swift */,
				3F40F85E2FD038C5009BDA18 /* RazorpayStandard.xcframework */,
				3F40F85F2FD038C5009BDA18 /* SelectDefaultXcode.sh */,
			);
			path = Pod;
			sourceTree = "<group>";
		};
		3F40F8632FD038C5009BDA18 /* Local Podspecs */ = {
			isa = PBXGroup;
			children = (
				3F40F8612FD038C5009BDA18 /* razorpay-core-pod.podspec.json */,
				3F40F8622FD038C5009BDA18 /* razorpay-pod.podspec.json */,
			);
			path = "Local Podspecs";
			sourceTree = "<group>";
		};
		3F40F8662FD038C5009BDA18 /* core */ = {
			isa = PBXGroup;
			children = (
				3F40F8642FD038C5009BDA18 /* Razorpay.xcframework */,
				3F40F8652FD038C5009BDA18 /* RazorpayCore.xcframework */,
			);
			path = core;
			sourceTree = "<group>";
		};
		3F40F8672FD038C5009BDA18 /* Pod */ = {
			isa = PBXGroup;
			children = (
				3F40F8662FD038C5009BDA18 /* core */,
			);
			path = Pod;
			sourceTree = "<group>";
		};
		3F40F86A2FD038C5009BDA18 /* razorpay-core-pod */ = {
			isa = PBXGroup;
			children = (
				3F40F8672FD038C5009BDA18 /* Pod */,
				3F40F8682FD038C5009BDA18 /* LICENSE */,
				3F40F8692FD038C5009BDA18 /* README.md */,
			);
			path = "razorpay-core-pod";
			sourceTree = "<group>";
		};
		3F40F8782FD038C5009BDA18 /* Pods-Example */ = {
			isa = PBXGroup;
			children = (
				3F40F86B2FD038C5009BDA18 /* Pods-Example.modulemap */,
				3F40F86C2FD038C5009BDA18 /* Pods-Example-acknowledgements.markdown */,
				3F40F86D2FD038C5009BDA18 /* Pods-Example-acknowledgements.plist */,
				3F40F86E2FD038C5009BDA18 /* Pods-Example-dummy.m */,
				3F40F86F2FD038C5009BDA18 /* Pods-Example-frameworks.sh */,
				3F40F8702FD038C5009BDA18 /* Pods-Example-frameworks-Debug-input-files.xcfilelist */,
				3F40F8712FD038C5009BDA18 /* Pods-Example-frameworks-Debug-output-files.xcfilelist */,
				3F40F8722FD038C5009BDA18 /* Pods-Example-frameworks-Release-input-files.xcfilelist */,
				3F40F8732FD038C5009BDA18 /* Pods-Example-frameworks-Release-output-files.xcfilelist */,
				3F40F8742FD038C5009BDA18 /* Pods-Example-Info.plist */,
				3F40F8752FD038C5009BDA18 /* Pods-Example-umbrella.h */,
				3F40F8762FD038C5009BDA18 /* Pods-Example.debug.xcconfig */,
				3F40F8772FD038C5009BDA18 /* Pods-Example.release.xcconfig */,
			);
			path = "Pods-Example";
			sourceTree = "<group>";
		};
		3F40F87E2FD038C5009BDA18 /* razorpay-core-pod */ = {
			isa = PBXGroup;
			children = (
				3F40F8792FD038C5009BDA18 /* razorpay-core-pod-xcframeworks.sh */,
				3F40F87A2FD038C5009BDA18 /* razorpay-core-pod-xcframeworks-input-files.xcfilelist */,
				3F40F87B2FD038C5009BDA18 /* razorpay-core-pod-xcframeworks-output-files.xcfilelist */,
				3F40F87C2FD038C5009BDA18 /* razorpay-core-pod.debug.xcconfig */,
				3F40F87D2FD038C5009BDA18 /* razorpay-core-pod.release.xcconfig */,
			);
			path = "razorpay-core-pod";
			sourceTree = "<group>";
		};
		3F40F8842FD038C5009BDA18 /* razorpay-pod */ = {
			isa = PBXGroup;
			children = (
				3F40F87F2FD038C5009BDA18 /* razorpay-pod-xcframeworks.sh */,
				3F40F8802FD038C5009BDA18 /* razorpay-pod-xcframeworks-input-files.xcfilelist */,
				3F40F8812FD038C5009BDA18 /* razorpay-pod-xcframeworks-output-files.xcfilelist */,
				3F40F8822FD038C5009BDA18 /* razorpay-pod.debug.xcconfig */,
				3F40F8832FD038C5009BDA18 /* razorpay-pod.release.xcconfig */,
			);
			path = "razorpay-pod";
			sourceTree = "<group>";
		};
		3F40F8852FD038C5009BDA18 /* Target Support Files */ = {
			isa = PBXGroup;
			children = (
				3F40F8782FD038C5009BDA18 /* Pods-Example */,
				3F40F87E2FD038C5009BDA18 /* razorpay-core-pod */,
				3F40F8842FD038C5009BDA18 /* razorpay-pod */,
			);
			path = "Target Support Files";
			sourceTree = "<group>";
		};
		3F40F8882FD038C5009BDA18 /* Pods */ = {
			isa = PBXGroup;
			children = (
				3F40F8632FD038C5009BDA18 /* Local Podspecs */,
				3F40F86A2FD038C5009BDA18 /* razorpay-core-pod */,
				3F40F8852FD038C5009BDA18 /* Target Support Files */,
				3F40F8862FD038C5009BDA18 /* Manifest.lock */,
			);
			path = Pods;
			sourceTree = "<group>";
		};
		3F40F88A2FD038C5009BDA18 /* xcode */ = {
			isa = PBXGroup;
			children = (
				3F40F8892FD038C5009BDA18 /* package.xcworkspace */,
			);
			path = xcode;
			sourceTree = "<group>";
		};
		3F40F88B2FD038C5009BDA18 /* .swiftpm */ = {
			isa = PBXGroup;
			children = (
				3F40F88A2FD038C5009BDA18 /* xcode */,
			);
			path = .swiftpm;
			sourceTree = "<group>";
		};
		3F40F88D2FD038C5009BDA18 /* RazorpayCheckoutCore */ = {
			isa = PBXGroup;
			children = (
				3F40F88C2FD038C5009BDA18 /* RazorpayCheckout.swift */,
			);
			path = RazorpayCheckoutCore;
			sourceTree = "<group>";
		};
		3F40F88E2FD038C5009BDA18 /* Sources */ = {
			isa = PBXGroup;
			children = (
				3F40F88D2FD038C5009BDA18 /* RazorpayCheckoutCore */,
			);
			path = Sources;
			sourceTree = "<group>";
		};
		3F40F8902FD038C5009BDA18 /* RazorpayCheckoutTests */ = {
			isa = PBXGroup;
			children = (
				3F40F88F2FD038C5009BDA18 /* RazorpayCheckoutTests.swift */,
			);
			path = RazorpayCheckoutTests;
			sourceTree = "<group>";
		};
		3F40F8912FD038C5009BDA18 /* Tests */ = {
			isa = PBXGroup;
			children = (
				3F40F8902FD038C5009BDA18 /* RazorpayCheckoutTests */,
			);
			path = Tests;
			sourceTree = "<group>";
		};
		3F40F8932FD038C5009BDA18 /* RazorpayCheckout */ = {
			isa = PBXGroup;
			children = (
				3F40F88B2FD038C5009BDA18 /* .swiftpm */,
				3F40F88E2FD038C5009BDA18 /* Sources */,
				3F40F8912FD038C5009BDA18 /* Tests */,
				3F40F8922FD038C5009BDA18 /* .gitignore */,
			);
			path = RazorpayCheckout;
			sourceTree = "<group>";
		};
		3F40F8A92FD038C5009BDA18 /* razorpay-pod */ = {
			isa = PBXGroup;
			children = (
				3F40F8532FD038C5009BDA18 /* .github */,
				3F40F8552FD038C5009BDA18 /* .swiftpm */,
				3F40F8602FD038C5009BDA18 /* Pod */,
				3F40F8882FD038C5009BDA18 /* Pods */,
				3F40F8932FD038C5009BDA18 /* RazorpayCheckout */,
				3F40F8942FD038C5009BDA18 /* .cursorignore */,
				3F40F8952FD038C5009BDA18 /* .gitignore */,
				3F40F8962FD038C5009BDA18 /* .semgrepignore */,
				3F40F8972FD038C5009BDA18 /* .travis.yml */,
				3F40F8982FD038C5009BDA18 /* CHANGELOG.md */,
				3F40F8992FD038C5009BDA18 /* CODE_OF_CONDUCT.md */,
				3F40F89A2FD038C5009BDA18 /* CONTRIBUTING.md */,
				3F40F89F2FD038C5009BDA18 /* ISSUE_TEMPLATE.md */,
				3F40F8A02FD038C5009BDA18 /* LICENSE */,
				3F40F8A12FD038C5009BDA18 /* Package.swift */,
				3F40F8A22FD038C5009BDA18 /* Podfile */,
				3F40F8A32FD038C5009BDA18 /* Podfile.lock */,
				3F40F8A42FD038C5009BDA18 /* razorpay-pod.podspec */,
				3F40F8A52FD038C5009BDA18 /* RazorpayStandard.framework.dSYM */,
				3F40F8A62FD038C5009BDA18 /* README.md */,
				3F40F8A72FD038C5009BDA18 /* README.md.orig */,
				3F40F8A82FD038C5009BDA18 /* UpdatePod.sh */,
			);
			path = "razorpay-pod";
			sourceTree = "<group>";
		};
/* End PBXGroup section */

/* Begin PBXNativeTarget section */
		187149752FB5885F00D6F966 /* LoanManagementSystem */ = {
			isa = PBXNativeTarget;
			buildConfigurationList = 187149812FB5886200D6F966 /* Build configuration list for PBXNativeTarget "LoanManagementSystem" */;
			buildPhases = (
				187149722FB5885F00D6F966 /* Sources */,
				187149732FB5885F00D6F966 /* Frameworks */,
				187149742FB5885F00D6F966 /* Resources */,
			);
			buildRules = (
			);
			dependencies = (
			);
			fileSystemSynchronizedGroups = (
				187149782FB5885F00D6F966 /* LoanManagementSystem */,
			);
			name = LoanManagementSystem;
			packageProductDependencies = (
				ADADD4A12FC025D10072F8EF /* Supabase */,
			);
			productName = LoanManagementSystem;
			productReference = 187149762FB5885F00D6F966 /* LoanManagementSystem.app */;
			productType = "com.apple.product-type.application";
		};
/* End PBXNativeTarget section */

/* Begin PBXProject section */
		1871496E2FB5885F00D6F966 /* Project object */ = {
			isa = PBXProject;
			attributes = {
				BuildIndependentTargetsInParallel = 1;
				LastSwiftUpdateCheck = 2650;
				LastUpgradeCheck = 2650;
				TargetAttributes = {
					187149752FB5885F00D6F966 = {
						CreatedOnToolsVersion = 26.5;
					};
				};
			};
			buildConfigurationList = 187149712FB5885F00D6F966 /* Build configuration list for PBXProject "LoanManagementSystem" */;
			developmentRegion = en;
			hasScannedForEncodings = 0;
			knownRegions = (
				en,
				Base,
			);
			mainGroup = 1871496D2FB5885F00D6F966;
			minimizedProjectReferenceProxies = 1;
			packageReferences = (
				ADADD4962FC025D10072F8EF /* XCRemoteSwiftPackageReference "supabase-swift" */,
			);
			preferredProjectObjectVersion = 77;
			productRefGroup = 187149772FB5885F00D6F966 /* Products */;
			projectDirPath = "";
			projectRoot = "";
			targets = (
				187149752FB5885F00D6F966 /* LoanManagementSystem */,
			);
		};
/* End PBXProject section */

/* Begin PBXResourcesBuildPhase section */
		187149742FB5885F00D6F966 /* Resources */ = {
			isa = PBXResourcesBuildPhase;
			buildActionMask = 2147483647;
			files = (
			);
			runOnlyForDeploymentPostprocessing = 0;
		};
/* End PBXResourcesBuildPhase section */

/* Begin PBXSourcesBuildPhase section */
		187149722FB5885F00D6F966 /* Sources */ = {
			isa = PBXSourcesBuildPhase;
			buildActionMask = 2147483647;
			files = (
				3F40F8B72FD038C5009BDA18 /* RazorpayCheckout.swift in Sources */,
			);
			runOnlyForDeploymentPostprocessing = 0;
		};
/* End PBXSourcesBuildPhase section */

/* Begin XCBuildConfiguration section */
		1871497F2FB5886200D6F966 /* Debug */ = {
			isa = XCBuildConfiguration;
			buildSettings = {
				ALWAYS_SEARCH_USER_PATHS = NO;
				ASSETCATALOG_COMPILER_GENERATE_SWIFT_ASSET_SYMBOL_EXTENSIONS = YES;
				CLANG_ANALYZER_NONNULL = YES;
				CLANG_ANALYZER_NUMBER_OBJECT_CONVERSION = YES_AGGRESSIVE;
				CLANG_CXX_LANGUAGE_STANDARD = "gnu++20";
				CLANG_ENABLE_MODULES = YES;
				CLANG_ENABLE_OBJC_ARC = YES;
				CLANG_ENABLE_OBJC_WEAK = YES;
				CLANG_WARN_BLOCK_CAPTURE_AUTORELEASING = YES;
				CLANG_WARN_BOOL_CONVERSION = YES;
				CLANG_WARN_COMMA = YES;
				CLANG_WARN_CONSTANT_CONVERSION = YES;
				CLANG_WARN_DEPRECATED_OBJC_IMPLEMENTATIONS = YES;
				CLANG_WARN_DIRECT_OBJC_ISA_USAGE = YES_ERROR;
				CLANG_WARN_DOCUMENTATION_COMMENTS = YES;
				CLANG_WARN_EMPTY_BODY = YES;
				CLANG_WARN_ENUM_CONVERSION = YES;
				CLANG_WARN_INFINITE_RECURSION = YES;
				CLANG_WARN_INT_CONVERSION = YES;
				CLANG_WARN_NON_LITERAL_NULL_CONVERSION = YES;
				CLANG_WARN_OBJC_IMPLICIT_RETAIN_SELF = YES;
				CLANG_WARN_OBJC_LITERAL_CONVERSION = YES;
				CLANG_WARN_OBJC_ROOT_CLASS = YES_ERROR;
				CLANG_WARN_QUOTED_INCLUDE_IN_FRAMEWORK_HEADER = YES;
				CLANG_WARN_RANGE_LOOP_ANALYSIS = YES;
				CLANG_WARN_STRICT_PROTOTYPES = YES;
				CLANG_WARN_SUSPICIOUS_MOVE = YES;
				CLANG_WARN_UNGUARDED_AVAILABILITY = YES_AGGRESSIVE;
				CLANG_WARN_UNREACHABLE_CODE = YES;
				CLANG_WARN__DUPLICATE_METHOD_MATCH = YES;
				COPY_PHASE_STRIP = NO;
				DEBUG_INFORMATION_FORMAT = dwarf;
				DEVELOPMENT_TEAM = W53MFJ8VL9;
				ENABLE_STRICT_OBJC_MSGSEND = YES;
				ENABLE_TESTABILITY = YES;
				ENABLE_USER_SCRIPT_SANDBOXING = YES;
				GCC_C_LANGUAGE_STANDARD = gnu17;
				GCC_DYNAMIC_NO_PIC = NO;
				GCC_NO_COMMON_BLOCKS = YES;
				GCC_OPTIMIZATION_LEVEL = 0;
				GCC_PREPROCESSOR_DEFINITIONS = (
					"DEBUG=1",
					"$(inherited)",
				);
				GCC_WARN_64_TO_32_BIT_CONVERSION = YES;
				GCC_WARN_ABOUT_RETURN_TYPE = YES_ERROR;
				GCC_WARN_UNDECLARED_SELECTOR = YES;
				GCC_WARN_UNINITIALIZED_AUTOS = YES_AGGRESSIVE;
				GCC_WARN_UNUSED_FUNCTION = YES;
				GCC_WARN_UNUSED_VARIABLE = YES;
				LOCALIZATION_PREFERS_STRING_CATALOGS = YES;
				MTL_ENABLE_DEBUG_INFO = INCLUDE_SOURCE;
				MTL_FAST_MATH = YES;
				ONLY_ACTIVE_ARCH = YES;
				SWIFT_ACTIVE_COMPILATION_CONDITIONS = "DEBUG $(inherited)";
				SWIFT_OPTIMIZATION_LEVEL = "-Onone";
			};
			name = Debug;
		};
		187149802FB5886200D6F966 /* Release */ = {
			isa = XCBuildConfiguration;
			buildSettings = {
				ALWAYS_SEARCH_USER_PATHS = NO;
				ASSETCATALOG_COMPILER_GENERATE_SWIFT_ASSET_SYMBOL_EXTENSIONS = YES;
				CLANG_ANALYZER_NONNULL = YES;
				CLANG_ANALYZER_NUMBER_OBJECT_CONVERSION = YES_AGGRESSIVE;
				CLANG_CXX_LANGUAGE_STANDARD = "gnu++20";
				CLANG_ENABLE_MODULES = YES;
				CLANG_ENABLE_OBJC_ARC = YES;
				CLANG_ENABLE_OBJC_WEAK = YES;
				CLANG_WARN_BLOCK_CAPTURE_AUTORELEASING = YES;
				CLANG_WARN_BOOL_CONVERSION = YES;
				CLANG_WARN_COMMA = YES;
				CLANG_WARN_CONSTANT_CONVERSION = YES;
				CLANG_WARN_DEPRECATED_OBJC_IMPLEMENTATIONS = YES;
				CLANG_WARN_DIRECT_OBJC_ISA_USAGE = YES_ERROR;
				CLANG_WARN_DOCUMENTATION_COMMENTS = YES;
				CLANG_WARN_EMPTY_BODY = YES;
				CLANG_WARN_ENUM_CONVERSION = YES;
				CLANG_WARN_INFINITE_RECURSION = YES;
				CLANG_WARN_INT_CONVERSION = YES;
				CLANG_WARN_NON_LITERAL_NULL_CONVERSION = YES;
				CLANG_WARN_OBJC_IMPLICIT_RETAIN_SELF = YES;
				CLANG_WARN_OBJC_LITERAL_CONVERSION = YES;
				CLANG_WARN_OBJC_ROOT_CLASS = YES_ERROR;
				CLANG_WARN_QUOTED_INCLUDE_IN_FRAMEWORK_HEADER = YES;
				CLANG_WARN_RANGE_LOOP_ANALYSIS = YES;
				CLANG_WARN_STRICT_PROTOTYPES = YES;
				CLANG_WARN_SUSPICIOUS_MOVE = YES;
				CLANG_WARN_UNGUARDED_AVAILABILITY = YES_AGGRESSIVE;
				CLANG_WARN_UNREACHABLE_CODE = YES;
				CLANG_WARN__DUPLICATE_METHOD_MATCH = YES;
				COPY_PHASE_STRIP = NO;
				DEBUG_INFORMATION_FORMAT = "dwarf-with-dsym";
				DEVELOPMENT_TEAM = W53MFJ8VL9;
				ENABLE_NS_ASSERTIONS = NO;
				ENABLE_STRICT_OBJC_MSGSEND = YES;
				ENABLE_USER_SCRIPT_SANDBOXING = YES;
				GCC_C_LANGUAGE_STANDARD = gnu17;
				GCC_NO_COMMON_BLOCKS = YES;
				GCC_WARN_64_TO_32_BIT_CONVERSION = YES;
				GCC_WARN_ABOUT_RETURN_TYPE = YES_ERROR;
				GCC_WARN_UNDECLARED_SELECTOR = YES;
				GCC_WARN_UNINITIALIZED_AUTOS = YES_AGGRESSIVE;
				GCC_WARN_UNUSED_FUNCTION = YES;
				GCC_WARN_UNUSED_VARIABLE = YES;
				LOCALIZATION_PREFERS_STRING_CATALOGS = YES;
				MTL_ENABLE_DEBUG_INFO = NO;
				MTL_FAST_MATH = YES;
				SWIFT_COMPILATION_MODE = wholemodule;
			};
			name = Release;
		};
		187149822FB5886200D6F966 /* Debug */ = {
			isa = XCBuildConfiguration;
			buildSettings = {
				ASSETCATALOG_COMPILER_APPICON_NAME = AppIcon;
				ASSETCATALOG_COMPILER_GLOBAL_ACCENT_COLOR_NAME = AccentColor;
				CODE_SIGN_STYLE = Automatic;
				CURRENT_PROJECT_VERSION = 1;
				DEVELOPMENT_TEAM = Y9X497A5U4;
				ENABLE_APP_SANDBOX = YES;
				ENABLE_HARDENED_RUNTIME = YES;
				ENABLE_PREVIEWS = YES;
				ENABLE_USER_SELECTED_FILES = readonly;
				GENERATE_INFOPLIST_FILE = YES;
				INFOPLIST_FILE = LoanManagementSystem/Info.plist;
				INFOPLIST_KEY_NSCameraUsageDescription = "LoanManagementSystem needs camera access to capture and verify your KYC documents.";
				INFOPLIST_KEY_NSPhotoLibraryUsageDescription = "LoanManagementSystem needs photo library access so you can upload and verify document images.";
				INFOPLIST_KEY_SUPABASE_KEY = "sb_publishable_C8TSNkIM4-1f4zJuPTeqYA_bTEGFtFe";
				INFOPLIST_KEY_SUPABASE_URL = "https://zufrhozjfmvvucswmudj.supabase.co";
				"INFOPLIST_KEY_UIApplicationSceneManifest_Generation[sdk=iphoneos*]" = YES;
				"INFOPLIST_KEY_UIApplicationSceneManifest_Generation[sdk=iphonesimulator*]" = YES;
				"INFOPLIST_KEY_UIApplicationSupportsIndirectInputEvents[sdk=iphoneos*]" = YES;
				"INFOPLIST_KEY_UIApplicationSupportsIndirectInputEvents[sdk=iphonesimulator*]" = YES;
				"INFOPLIST_KEY_UILaunchScreen_Generation[sdk=iphoneos*]" = YES;
				"INFOPLIST_KEY_UILaunchScreen_Generation[sdk=iphonesimulator*]" = YES;
				"INFOPLIST_KEY_UIStatusBarStyle[sdk=iphoneos*]" = UIStatusBarStyleDefault;
				"INFOPLIST_KEY_UIStatusBarStyle[sdk=iphonesimulator*]" = UIStatusBarStyleDefault;
				INFOPLIST_KEY_UISupportedInterfaceOrientations_iPad = "UIInterfaceOrientationPortrait UIInterfaceOrientationPortraitUpsideDown UIInterfaceOrientationLandscapeLeft UIInterfaceOrientationLandscapeRight";
				INFOPLIST_KEY_UISupportedInterfaceOrientations_iPhone = "UIInterfaceOrientationPortrait UIInterfaceOrientationLandscapeLeft UIInterfaceOrientationLandscapeRight";
				IPHONEOS_DEPLOYMENT_TARGET = 26.0;
				LD_RUNPATH_SEARCH_PATHS = "@executable_path/Frameworks";
				"LD_RUNPATH_SEARCH_PATHS[sdk=macosx*]" = "@executable_path/../Frameworks";
				MACOSX_DEPLOYMENT_TARGET = 26.3;
				MARKETING_VERSION = 1.0;
				PRODUCT_BUNDLE_IDENTIFIER = galgotias.in.akash;
				PRODUCT_NAME = "$(TARGET_NAME)";
				REGISTER_APP_GROUPS = YES;
				SDKROOT = auto;
				STRING_CATALOG_GENERATE_SYMBOLS = YES;
				SUPPORTED_PLATFORMS = "iphoneos iphonesimulator macosx xros xrsimulator";
				SWIFT_APPROACHABLE_CONCURRENCY = YES;
				SWIFT_DEFAULT_ACTOR_ISOLATION = MainActor;
				SWIFT_EMIT_LOC_STRINGS = YES;
				SWIFT_UPCOMING_FEATURE_MEMBER_IMPORT_VISIBILITY = YES;
				SWIFT_VERSION = 5.0;
				TARGETED_DEVICE_FAMILY = "1,2,7";
				XROS_DEPLOYMENT_TARGET = 26.5;
			};
			name = Debug;
		};
		187149832FB5886200D6F966 /* Release */ = {
			isa = XCBuildConfiguration;
			buildSettings = {
				ASSETCATALOG_COMPILER_APPICON_NAME = AppIcon;
				ASSETCATALOG_COMPILER_GLOBAL_ACCENT_COLOR_NAME = AccentColor;
				CODE_SIGN_IDENTITY = "Apple Development";
				CODE_SIGN_STYLE = Automatic;
				CURRENT_PROJECT_VERSION = 1;
				DEVELOPMENT_TEAM = Y9X497A5U4;
				ENABLE_APP_SANDBOX = YES;
				ENABLE_HARDENED_RUNTIME = YES;
				ENABLE_PREVIEWS = YES;
				ENABLE_USER_SELECTED_FILES = readonly;
				GENERATE_INFOPLIST_FILE = YES;
				INFOPLIST_FILE = LoanManagementSystem/Info.plist;
				INFOPLIST_KEY_NSCameraUsageDescription = "LoanManagementSystem needs camera access to capture and verify your KYC documents.";
				INFOPLIST_KEY_NSPhotoLibraryUsageDescription = "LoanManagementSystem needs photo library access so you can upload and verify document images.";
				INFOPLIST_KEY_SUPABASE_KEY = "sb_publishable_C8TSNkIM4-1f4zJuPTeqYA_bTEGFtFe";
				INFOPLIST_KEY_SUPABASE_URL = "https://zufrhozjfmvvucswmudj.supabase.co";
				"INFOPLIST_KEY_UIApplicationSceneManifest_Generation[sdk=iphoneos*]" = YES;
				"INFOPLIST_KEY_UIApplicationSceneManifest_Generation[sdk=iphonesimulator*]" = YES;
				"INFOPLIST_KEY_UIApplicationSupportsIndirectInputEvents[sdk=iphoneos*]" = YES;
				"INFOPLIST_KEY_UIApplicationSupportsIndirectInputEvents[sdk=iphonesimulator*]" = YES;
				"INFOPLIST_KEY_UILaunchScreen_Generation[sdk=iphoneos*]" = YES;
				"INFOPLIST_KEY_UILaunchScreen_Generation[sdk=iphonesimulator*]" = YES;
				"INFOPLIST_KEY_UIStatusBarStyle[sdk=iphoneos*]" = UIStatusBarStyleDefault;
				"INFOPLIST_KEY_UIStatusBarStyle[sdk=iphonesimulator*]" = UIStatusBarStyleDefault;
				INFOPLIST_KEY_UISupportedInterfaceOrientations_iPad = "UIInterfaceOrientationPortrait UIInterfaceOrientationPortraitUpsideDown UIInterfaceOrientationLandscapeLeft UIInterfaceOrientationLandscapeRight";
				INFOPLIST_KEY_UISupportedInterfaceOrientations_iPhone = "UIInterfaceOrientationPortrait UIInterfaceOrientationLandscapeLeft UIInterfaceOrientationLandscapeRight";
				IPHONEOS_DEPLOYMENT_TARGET = 26.0;
				LD_RUNPATH_SEARCH_PATHS = "@executable_path/Frameworks";
				"LD_RUNPATH_SEARCH_PATHS[sdk=macosx*]" = "@executable_path/../Frameworks";
				MACOSX_DEPLOYMENT_TARGET = 26.3;
				MARKETING_VERSION = 1.0;
				PRODUCT_BUNDLE_IDENTIFIER = akashgalgotias.in.com;
				PRODUCT_NAME = "$(TARGET_NAME)";
				PROVISIONING_PROFILE_SPECIFIER = "";
				REGISTER_APP_GROUPS = YES;
				SDKROOT = auto;
				STRING_CATALOG_GENERATE_SYMBOLS = YES;
				SUPPORTED_PLATFORMS = "iphoneos iphonesimulator macosx xros xrsimulator";
				SWIFT_APPROACHABLE_CONCURRENCY = YES;
				SWIFT_DEFAULT_ACTOR_ISOLATION = MainActor;
				SWIFT_EMIT_LOC_STRINGS = YES;
				SWIFT_UPCOMING_FEATURE_MEMBER_IMPORT_VISIBILITY = YES;
				SWIFT_VERSION = 5.0;
				TARGETED_DEVICE_FAMILY = "1,2,7";
				XROS_DEPLOYMENT_TARGET = 26.5;
			};
			name = Release;
		};
/* End XCBuildConfiguration section */

/* Begin XCConfigurationList section */
		187149712FB5885F00D6F966 /* Build configuration list for PBXProject "LoanManagementSystem" */ = {
			isa = XCConfigurationList;
			buildConfigurations = (
				1871497F2FB5886200D6F966 /* Debug */,
				187149802FB5886200D6F966 /* Release */,
			);
			defaultConfigurationIsVisible = 0;
			defaultConfigurationName = Release;
		};
		187149812FB5886200D6F966 /* Build configuration list for PBXNativeTarget "LoanManagementSystem" */ = {
			isa = XCConfigurationList;
			buildConfigurations = (
				187149822FB5886200D6F966 /* Debug */,
				187149832FB5886200D6F966 /* Release */,
			);
			defaultConfigurationIsVisible = 0;
			defaultConfigurationName = Release;
		};
/* End XCConfigurationList section */

/* Begin XCRemoteSwiftPackageReference section */
		ADADD4962FC025D10072F8EF /* XCRemoteSwiftPackageReference "supabase-swift" */ = {
			isa = XCRemoteSwiftPackageReference;
			repositoryURL = "https://github.com/supabase/supabase-swift";
			requirement = {
				kind = upToNextMajorVersion;
				minimumVersion = 2.5.1;
			};
		};
/* End XCRemoteSwiftPackageReference section */

/* Begin XCSwiftPackageProductDependency section */
		ADADD4A12FC025D10072F8EF /* Supabase */ = {
			isa = XCSwiftPackageProductDependency;
			package = ADADD4962FC025D10072F8EF /* XCRemoteSwiftPackageReference "supabase-swift" */;
			productName = Supabase;
		};
/* End XCSwiftPackageProductDependency section */
	};
	rootObject = 1871496E2FB5885F00D6F966 /* Project object */;
}
